// !$*UTF8*$!
{
	archiveVersion = 1;
	classes = {
	};
	objectVersion = 56;
	objects = {

/* Begin PBXBuildFile section */
		FD0DAE6F291266C400F96448 /* AppDelegate.swift in Sources */ = {isa = PBXBuildFile; fileRef = FD0DAE6E291266C400F96448 /* AppDelegate.swift */; };
		FD0DAE76291266C400F96448 /* Main.storyboard in Resources */ = {isa = PBXBuildFile; fileRef = FD0DAE74291266C400F96448 /* Main.storyboard */; };
		FD0DAE78291266C500F96448 /* Assets.xcassets in Resources */ = {isa = PBXBuildFile; fileRef = FD0DAE77291266C500F96448 /* Assets.xcassets */; };
		FD0DAE7B291266C500F96448 /* LaunchScreen.storyboard in Resources */ = {isa = PBXBuildFile; fileRef = FD0DAE79291266C500F96448 /* LaunchScreen.storyboard */; };
		FD0DAE83291267AA00F96448 /* README.md in Resources */ = {isa = PBXBuildFile; fileRef = FD0DAE82291267AA00F96448 /* README.md */; };
		FD913343291944AF00605396 /* Feed.storyboard in Resources */ = {isa = PBXBuildFile; fileRef = FD913342291944AF00605396 /* Feed.storyboard */; };
		FD913345291944C700605396 /* FeedVC.swift in Sources */ = {isa = PBXBuildFile; fileRef = FD913344291944C700605396 /* FeedVC.swift */; };
		FD9133482919451800605396 /* FeedType.swift in Sources */ = {isa = PBXBuildFile; fileRef = FD9133472919451800605396 /* FeedType.swift */; };
		FD91334A2919454700605396 /* Feed.swift in Sources */ = {isa = PBXBuildFile; fileRef = FD9133492919454700605396 /* Feed.swift */; };
		FD91334C2919456600605396 /* FeedDataType.swift in Sources */ = {isa = PBXBuildFile; fileRef = FD91334B2919456600605396 /* FeedDataType.swift */; };
		FD91335E29194FE500605396 /* MainFeedVC.swift in Sources */ = {isa = PBXBuildFile; fileRef = FD91335D29194FE500605396 /* MainFeedVC.swift */; };
		FD9133632919524900605396 /* CardType1.swift in Sources */ = {isa = PBXBuildFile; fileRef = FD9133622919524900605396 /* CardType1.swift */; };
		FD91336B291952C200605396 /* CardCell.swift in Sources */ = {isa = PBXBuildFile; fileRef = FD913369291952C200605396 /* CardCell.swift */; };
		FD91336C291952C200605396 /* CardCell.xib in Resources */ = {isa = PBXBuildFile; fileRef = FD91336A291952C200605396 /* CardCell.xib */; };
		FD913371291955CD00605396 /* Card2Cell.swift in Sources */ = {isa = PBXBuildFile; fileRef = FD91336F291955CD00605396 /* Card2Cell.swift */; };
		FD913372291955CD00605396 /* Card2Cell.xib in Resources */ = {isa = PBXBuildFile; fileRef = FD913370291955CD00605396 /* Card2Cell.xib */; };
		FD913374291956E900605396 /* CardType2.swift in Sources */ = {isa = PBXBuildFile; fileRef = FD913373291956E900605396 /* CardType2.swift */; };
		FD9133762919572800605396 /* FeedVM.swift in Sources */ = {isa = PBXBuildFile; fileRef = FD9133752919572800605396 /* FeedVM.swift */; };
		FD9133792919578800605396 /* Helpers.swift in Sources */ = {isa = PBXBuildFile; fileRef = FD9133782919578800605396 /* Helpers.swift */; };
		FD91338429195CC500605396 /* BottomPopupUtils.swift in Sources */ = {isa = PBXBuildFile; fileRef = FD91337C29195CC500605396 /* BottomPopupUtils.swift */; };
		FD91338529195CC500605396 /* BottomPopupViewController.swift in Sources */ = {isa = PBXBuildFile; fileRef = FD91337D29195CC500605396 /* BottomPopupViewController.swift */; };
		FD91338629195CC500605396 /* BottomPopupDismissInteractionController.swift in Sources */ = {isa = PBXBuildFile; fileRef = FD91337E29195CC500605396 /* BottomPopupDismissInteractionController.swift */; };
		FD91338729195CC500605396 /* BottomPopupNavigationController.swift in Sources */ = {isa = PBXBuildFile; fileRef = FD91337F29195CC500605396 /* BottomPopupNavigationController.swift */; };
		FD91338829195CC500605396 /* BottomPopupDismissAnimator.swift in Sources */ = {isa = PBXBuildFile; fileRef = FD91338029195CC500605396 /* BottomPopupDismissAnimator.swift */; };
		FD91338929195CC500605396 /* BottomPopupPresentAnimator.swift in Sources */ = {isa = PBXBuildFile; fileRef = FD91338129195CC500605396 /* BottomPopupPresentAnimator.swift */; };
		FD91338A29195CC500605396 /* BottomPopupTransitionHandler.swift in Sources */ = {isa = PBXBuildFile; fileRef = FD91338229195CC500605396 /* BottomPopupTransitionHandler.swift */; };
		FD91338B29195CC500605396 /* BottomPopupPresentationController.swift in Sources */ = {isa = PBXBuildFile; fileRef = FD91338329195CC500605396 /* BottomPopupPresentationController.swift */; };
		FD91339529195D3B00605396 /* ActionVCProtocol.swift in Sources */ = {isa = PBXBuildFile; fileRef = FD91339029195D3B00605396 /* ActionVCProtocol.swift */; };
		FD91339629195D3B00605396 /* AccountCell.swift in Sources */ = {isa = PBXBuildFile; fileRef = FD91339229195D3B00605396 /* AccountCell.swift */; };
		FD91339729195D3B00605396 /* AccountVC.swift in Sources */ = {isa = PBXBuildFile; fileRef = FD91339329195D3B00605396 /* AccountVC.swift */; };
		FD91339B29195D5300605396 /* Account.swift in Sources */ = {isa = PBXBuildFile; fileRef = FD91339A29195D5300605396 /* Account.swift */; };
		FD91339D29195E9000605396 /* Account.storyboard in Resources */ = {isa = PBXBuildFile; fileRef = FD91339C29195E9000605396 /* Account.storyboard */; };
		FD91339F29195F4600605396 /* AccountManager.swift in Sources */ = {isa = PBXBuildFile; fileRef = FD91339E29195F4600605396 /* AccountManager.swift */; };
/* End PBXBuildFile section */

/* Begin PBXFileReference section */
		FD0DAE6B291266C400F96448 /* Example Project.app */ = {isa = PBXFileReference; explicitFileType = wrapper.application; includeInIndex = 0; path = "Example Project.app"; sourceTree = BUILT_PRODUCTS_DIR; };
		FD0DAE6E291266C400F96448 /* AppDelegate.swift */ = {isa = PBXFileReference; lastKnownFileType = sourcecode.swift; path = AppDelegate.swift; sourceTree = "<group>"; };
		FD0DAE75291266C400F96448 /* Base */ = {isa = PBXFileReference; lastKnownFileType = file.storyboard; name = Base; path = Base.lproj/Main.storyboard; sourceTree = "<group>"; };
		FD0DAE77291266C500F96448 /* Assets.xcassets */ = {isa = PBXFileReference; lastKnownFileType = folder.assetcatalog; path = Assets.xcassets; sourceTree = "<group>"; };
		FD0DAE7A291266C500F96448 /* Base */ = {isa = PBXFileReference; lastKnownFileType = file.storyboard; name = Base; path = Base.lproj/LaunchScreen.storyboard; sourceTree = "<group>"; };
		FD0DAE7C291266C500F96448 /* Info.plist */ = {isa = PBXFileReference; lastKnownFileType = text.plist.xml; path = Info.plist; sourceTree = "<group>"; };
		FD0DAE82291267AA00F96448 /* README.md */ = {isa = PBXFileReference; fileEncoding = 4; lastKnownFileType = net.daringfireball.markdown; path = README.md; sourceTree = SOURCE_ROOT; };
		FD913342291944AF00605396 /* Feed.storyboard */ = {isa = PBXFileReference; lastKnownFileType = file.storyboard; path = Feed.storyboard; sourceTree = "<group>"; };
		FD913344291944C700605396 /* FeedVC.swift */ = {isa = PBXFileReference; lastKnownFileType = sourcecode.swift; path = FeedVC.swift; sourceTree = "<group>"; };
		FD9133472919451800605396 /* FeedType.swift */ = {isa = PBXFileReference; lastKnownFileType = sourcecode.swift; path = FeedType.swift; sourceTree = "<group>"; };
		FD9133492919454700605396 /* Feed.swift */ = {isa = PBXFileReference; lastKnownFileType = sourcecode.swift; path = Feed.swift; sourceTree = "<group>"; };
		FD91334B2919456600605396 /* FeedDataType.swift */ = {isa = PBXFileReference; lastKnownFileType = sourcecode.swift; path = FeedDataType.swift; sourceTree = "<group>"; };
		FD91335D29194FE500605396 /* MainFeedVC.swift */ = {isa = PBXFileReference; lastKnownFileType = sourcecode.swift; path = MainFeedVC.swift; sourceTree = "<group>"; };
		FD9133622919524900605396 /* CardType1.swift */ = {isa = PBXFileReference; lastKnownFileType = sourcecode.swift; path = CardType1.swift; sourceTree = "<group>"; };
		FD913369291952C200605396 /* CardCell.swift */ = {isa = PBXFileReference; lastKnownFileType = sourcecode.swift; path = CardCell.swift; sourceTree = "<group>"; };
		FD91336A291952C200605396 /* CardCell.xib */ = {isa = PBXFileReference; lastKnownFileType = file.xib; path = CardCell.xib; sourceTree = "<group>"; };
		FD91336F291955CD00605396 /* Card2Cell.swift */ = {isa = PBXFileReference; lastKnownFileType = sourcecode.swift; path = Card2Cell.swift; sourceTree = "<group>"; };
		FD913370291955CD00605396 /* Card2Cell.xib */ = {isa = PBXFileReference; lastKnownFileType = file.xib; path = Card2Cell.xib; sourceTree = "<group>"; };
		FD913373291956E900605396 /* CardType2.swift */ = {isa = PBXFileReference; lastKnownFileType = sourcecode.swift; path = CardType2.swift; sourceTree = "<group>"; };
		FD9133752919572800605396 /* FeedVM.swift */ = {isa = PBXFileReference; lastKnownFileType = sourcecode.swift; path = FeedVM.swift; sourceTree = "<group>"; };
		FD9133782919578800605396 /* Helpers.swift */ = {isa = PBXFileReference; lastKnownFileType = sourcecode.swift; path = Helpers.swift; sourceTree = "<group>"; };
		FD91337C29195CC500605396 /* BottomPopupUtils.swift */ = {isa = PBXFileReference; fileEncoding = 4; lastKnownFileType = sourcecode.swift; path = BottomPopupUtils.swift; sourceTree = "<group>"; };
		FD91337D29195CC500605396 /* BottomPopupViewController.swift */ = {isa = PBXFileReference; fileEncoding = 4; lastKnownFileType = sourcecode.swift; path = BottomPopupViewController.swift; sourceTree = "<group>"; };
		FD91337E29195CC500605396 /* BottomPopupDismissInteractionController.swift */ = {isa = PBXFileReference; fileEncoding = 4; lastKnownFileType = sourcecode.swift; path = BottomPopupDismissInteractionController.swift; sourceTree = "<group>"; };
		FD91337F29195CC500605396 /* BottomPopupNavigationController.swift */ = {isa = PBXFileReference; fileEncoding = 4; lastKnownFileType = sourcecode.swift; path = BottomPopupNavigationController.swift; sourceTree = "<group>"; };
		FD91338029195CC500605396 /* BottomPopupDismissAnimator.swift */ = {isa = PBXFileReference; fileEncoding = 4; lastKnownFileType = sourcecode.swift; path = BottomPopupDismissAnimator.swift; sourceTree = "<group>"; };
		FD91338129195CC500605396 /* BottomPopupPresentAnimator.swift */ = {isa = PBXFileReference; fileEncoding = 4; lastKnownFileType = sourcecode.swift; path = BottomPopupPresentAnimator.swift; sourceTree = "<group>"; };
		FD91338229195CC500605396 /* BottomPopupTransitionHandler.swift */ = {isa = PBXFileReference; fileEncoding = 4; lastKnownFileType = sourcecode.swift; path = BottomPopupTransitionHandler.swift; sourceTree = "<group>"; };
		FD91338329195CC500605396 /* BottomPopupPresentationController.swift */ = {isa = PBXFileReference; fileEncoding = 4; lastKnownFileType = sourcecode.swift; path = BottomPopupPresentationController.swift; sourceTree = "<group>"; };
		FD91339029195D3B00605396 /* ActionVCProtocol.swift */ = {isa = PBXFileReference; fileEncoding = 4; lastKnownFileType = sourcecode.swift; path = ActionVCProtocol.swift; sourceTree = "<group>"; };
		FD91339229195D3B00605396 /* AccountCell.swift */ = {isa = PBXFileReference; fileEncoding = 4; lastKnownFileType = sourcecode.swift; path = AccountCell.swift; sourceTree = "<group>"; };
		FD91339329195D3B00605396 /* AccountVC.swift */ = {isa = PBXFileReference; fileEncoding = 4; lastKnownFileType = sourcecode.swift; path = AccountVC.swift; sourceTree = "<group>"; };
		FD91339A29195D5300605396 /* Account.swift */ = {isa = PBXFileReference; lastKnownFileType = sourcecode.swift; path = Account.swift; sourceTree = "<group>"; };
		FD91339C29195E9000605396 /* Account.storyboard */ = {isa = PBXFileReference; lastKnownFileType = file.storyboard; path = Account.storyboard; sourceTree = "<group>"; };
		FD91339E29195F4600605396 /* AccountManager.swift */ = {isa = PBXFileReference; lastKnownFileType = sourcecode.swift; path = AccountManager.swift; sourceTree = "<group>"; };
/* End PBXFileReference section */

/* Begin PBXFrameworksBuildPhase section */
		FD0DAE68291266C400F96448 /* Frameworks */ = {
			isa = PBXFrameworksBuildPhase;
			buildActionMask = 2147483647;
			files = (
			);
			runOnlyForDeploymentPostprocessing = 0;
		};
/* End PBXFrameworksBuildPhase section */

/* Begin PBXGroup section */
		FD0DAE62291266C400F96448 = {
			isa = PBXGroup;
			children = (
				FD0DAE6D291266C400F96448 /* Example Project */,
				FD0DAE6C291266C400F96448 /* Products */,
			);
			sourceTree = "<group>";
		};
		FD0DAE6C291266C400F96448 /* Products */ = {
			isa = PBXGroup;
			children = (
				FD0DAE6B291266C400F96448 /* Example Project.app */,
			);
			name = Products;
			sourceTree = "<group>";
		};
		FD0DAE6D291266C400F96448 /* Example Project */ = {
			isa = PBXGroup;
			children = (
				FD0DAE6E291266C400F96448 /* AppDelegate.swift */,
				FD91339E29195F4600605396 /* AccountManager.swift */,
				FD9133772919577D00605396 /* Helpers */,
				FD9133682919529300605396 /* Cells */,
				FD913361291951F900605396 /* Models */,
				FD91337A29195C0A00605396 /* App */,
				FD0DAE77291266C500F96448 /* Assets.xcassets */,
				FD0DAE79291266C500F96448 /* LaunchScreen.storyboard */,
				FD0DAE7C291266C500F96448 /* Info.plist */,
				FD0DAE82291267AA00F96448 /* README.md */,
			);
			path = "Example Project";
			sourceTree = "<group>";
		};
		FD91332A2919399D00605396 /* MainFeed */ = {
			isa = PBXGroup;
			children = (
				FD0DAE74291266C400F96448 /* Main.storyboard */,
				FD91335D29194FE500605396 /* MainFeedVC.swift */,
			);
			path = MainFeed;
			sourceTree = "<group>";
		};
		FD91332B29193B7B00605396 /* Feed */ = {
			isa = PBXGroup;
			children = (
				FD9133462919450C00605396 /* Models */,
				FD913342291944AF00605396 /* Feed.storyboard */,
				FD913344291944C700605396 /* FeedVC.swift */,
				FD9133752919572800605396 /* FeedVM.swift */,
			);
			path = Feed;
			sourceTree = "<group>";
		};
		FD9133462919450C00605396 /* Models */ = {
			isa = PBXGroup;
			children = (
				FD9133472919451800605396 /* FeedType.swift */,
				FD91334B2919456600605396 /* FeedDataType.swift */,
				FD9133492919454700605396 /* Feed.swift */,
			);
			path = Models;
			sourceTree = "<group>";
		};
		FD91335F2919509800605396 /* Components */ = {
			isa = PBXGroup;
			children = (
				FD91332B29193B7B00605396 /* Feed */,
			);
			path = Components;
			sourceTree = "<group>";
		};
		FD913360291950A300605396 /* Screens */ = {
			isa = PBXGroup;
			children = (
				FD91338C29195D0100605396 /* Account */,
				FD91332A2919399D00605396 /* MainFeed */,
			);
			path = Screens;
			sourceTree = "<group>";
		};
		FD913361291951F900605396 /* Models */ = {
			isa = PBXGroup;
			children = (
				FD91339A29195D5300605396 /* Account.swift */,
				FD9133622919524900605396 /* CardType1.swift */,
				FD913373291956E900605396 /* CardType2.swift */,
			);
			path = Models;
			sourceTree = "<group>";
		};
		FD9133682919529300605396 /* Cells */ = {
			isa = PBXGroup;
			children = (
				FD91336E2919555000605396 /* CardType2 */,
				FD91336D2919554900605396 /* CardType1 */,
				FD913369291952C200605396 /* CardCell.swift */,
				FD91336A291952C200605396 /* CardCell.xib */,
			);
			path = Cells;
			sourceTree = "<group>";
		};
		FD91336D2919554900605396 /* CardType1 */ = {
			isa = PBXGroup;
			children = (
			);
			path = CardType1;
			sourceTree = "<group>";
		};
		FD91336E2919555000605396 /* CardType2 */ = {
			isa = PBXGroup;
			children = (
				FD91336F291955CD00605396 /* Card2Cell.swift */,
				FD913370291955CD00605396 /* Card2Cell.xib */,
			);
			path = CardType2;
			sourceTree = "<group>";
		};
		FD9133772919577D00605396 /* Helpers */ = {
			isa = PBXGroup;
			children = (
				FD91337B29195CC500605396 /* Bottom Sheet */,
				FD9133782919578800605396 /* Helpers.swift */,
			);
			path = Helpers;
			sourceTree = "<group>";
		};
		FD91337A29195C0A00605396 /* App */ = {
			isa = PBXGroup;
			children = (
				FD913360291950A300605396 /* Screens */,
				FD91335F2919509800605396 /* Components */,
			);
			path = App;
			sourceTree = "<group>";
		};
		FD91337B29195CC500605396 /* Bottom Sheet */ = {
			isa = PBXGroup;
			children = (
				FD91337C29195CC500605396 /* BottomPopupUtils.swift */,
				FD91337D29195CC500605396 /* BottomPopupViewController.swift */,
				FD91337E29195CC500605396 /* BottomPopupDismissInteractionController.swift */,
				FD91337F29195CC500605396 /* BottomPopupNavigationController.swift */,
				FD91338029195CC500605396 /* BottomPopupDismissAnimator.swift */,
				FD91338129195CC500605396 /* BottomPopupPresentAnimator.swift */,
				FD91338229195CC500605396 /* BottomPopupTransitionHandler.swift */,
				FD91338329195CC500605396 /* BottomPopupPresentationController.swift */,
			);
			path = "Bottom Sheet";
			sourceTree = "<group>";
		};
		FD91338C29195D0100605396 /* Account */ = {
			isa = PBXGroup;
			children = (
				FD91339029195D3B00605396 /* ActionVCProtocol.swift */,
				FD9133A029195FE500605396 /* Cell */,
				FD91339329195D3B00605396 /* AccountVC.swift */,
				FD91339C29195E9000605396 /* Account.storyboard */,
			);
			path = Account;
			sourceTree = "<group>";
		};
		FD9133A029195FE500605396 /* Cell */ = {
			isa = PBXGroup;
			children = (
				FD91339229195D3B00605396 /* AccountCell.swift */,
			);
			path = Cell;
			sourceTree = "<group>";
		};
/* End PBXGroup section */

/* Begin PBXNativeTarget section */
		FD0DAE6A291266C400F96448 /* Example Project */ = {
			isa = PBXNativeTarget;
			buildConfigurationList = FD0DAE7F291266C500F96448 /* Build configuration list for PBXNativeTarget "Example Project" */;
			buildPhases = (
				FD0DAE67291266C400F96448 /* Sources */,
				FD0DAE68291266C400F96448 /* Frameworks */,
				FD0DAE69291266C400F96448 /* Resources */,
			);
			buildRules = (
			);
			dependencies = (
			);
			name = "Example Project";
			packageProductDependencies = (
			);
			productName = "Example Project";
			productReference = FD0DAE6B291266C400F96448 /* Example Project.app */;
			productType = "com.apple.product-type.application";
		};
/* End PBXNativeTarget section */

/* Begin PBXProject section */
		FD0DAE63291266C400F96448 /* Project object */ = {
			isa = PBXProject;
			attributes = {
				BuildIndependentTargetsInParallel = 1;
				LastSwiftUpdateCheck = 1400;
				LastUpgradeCheck = 1400;
				TargetAttributes = {
					FD0DAE6A291266C400F96448 = {
						CreatedOnToolsVersion = 14.0.1;
					};
				};
			};
			buildConfigurationList = FD0DAE66291266C400F96448 /* Build configuration list for PBXProject "Example Project" */;
			compatibilityVersion = "Xcode 14.0";
			developmentRegion = en;
			hasScannedForEncodings = 0;
			knownRegions = (
				en,
				Base,
			);
			mainGroup = FD0DAE62291266C400F96448;
			packageReferences = (
			);
			productRefGroup = FD0DAE6C291266C400F96448 /* Products */;
			projectDirPath = "";
			projectRoot = "";
			targets = (
				FD0DAE6A291266C400F96448 /* Example Project */,
			);
		};
/* End PBXProject section */

/* Begin PBXResourcesBuildPhase section */
		FD0DAE69291266C400F96448 /* Resources */ = {
			isa = PBXResourcesBuildPhase;
			buildActionMask = 2147483647;
			files = (
				FD0DAE7B291266C500F96448 /* LaunchScreen.storyboard in Resources */,
				FD91336C291952C200605396 /* CardCell.xib in Resources */,
				FD913343291944AF00605396 /* Feed.storyboard in Resources */,
				FD0DAE78291266C500F96448 /* Assets.xcassets in Resources */,
				FD913372291955CD00605396 /* Card2Cell.xib in Resources */,
				FD0DAE83291267AA00F96448 /* README.md in Resources */,
				FD91339D29195E9000605396 /* Account.storyboard in Resources */,
				FD0DAE76291266C400F96448 /* Main.storyboard in Resources */,
			);
			runOnlyForDeploymentPostprocessing = 0;
		};
/* End PBXResourcesBuildPhase section */

/* Begin PBXSourcesBuildPhase section */
		FD0DAE67291266C400F96448 /* Sources */ = {
			isa = PBXSourcesBuildPhase;
			buildActionMask = 2147483647;
			files = (
				FD91339629195D3B00605396 /* AccountCell.swift in Sources */,
				FD91338529195CC500605396 /* BottomPopupViewController.swift in Sources */,
				FD91339529195D3B00605396 /* ActionVCProtocol.swift in Sources */,
				FD91339729195D3B00605396 /* AccountVC.swift in Sources */,
				FD91334A2919454700605396 /* Feed.swift in Sources */,
				FD913345291944C700605396 /* FeedVC.swift in Sources */,
				FD91335E29194FE500605396 /* MainFeedVC.swift in Sources */,
				FD91338A29195CC500605396 /* BottomPopupTransitionHandler.swift in Sources */,
				FD913371291955CD00605396 /* Card2Cell.swift in Sources */,
				FD913374291956E900605396 /* CardType2.swift in Sources */,
				FD9133762919572800605396 /* FeedVM.swift in Sources */,
				FD91338629195CC500605396 /* BottomPopupDismissInteractionController.swift in Sources */,
				FD91338429195CC500605396 /* BottomPopupUtils.swift in Sources */,
				FD91338829195CC500605396 /* BottomPopupDismissAnimator.swift in Sources */,
				FD91338B29195CC500605396 /* BottomPopupPresentationController.swift in Sources */,
				FD91339F29195F4600605396 /* AccountManager.swift in Sources */,
				FD91336B291952C200605396 /* CardCell.swift in Sources */,
				FD9133792919578800605396 /* Helpers.swift in Sources */,
				FD91334C2919456600605396 /* FeedDataType.swift in Sources */,
				FD9133632919524900605396 /* CardType1.swift in Sources */,
				FD91339B29195D5300605396 /* Account.swift in Sources */,
				FD91338729195CC500605396 /* BottomPopupNavigationController.swift in Sources */,
				FD0DAE6F291266C400F96448 /* AppDelegate.swift in Sources */,
				FD91338929195CC500605396 /* BottomPopupPresentAnimator.swift in Sources */,
				FD9133482919451800605396 /* FeedType.swift in Sources */,
			);
			runOnlyForDeploymentPostprocessing = 0;
		};
/* End PBXSourcesBuildPhase section */

/* Begin PBXVariantGroup section */
		FD0DAE74291266C400F96448 /* Main.storyboard */ = {
			isa = PBXVariantGroup;
			children = (
				FD0DAE75291266C400F96448 /* Base */,
			);
			name = Main.storyboard;
			sourceTree = "<group>";
		};
		FD0DAE79291266C500F96448 /* LaunchScreen.storyboard */ = {
			isa = PBXVariantGroup;
			children = (
				FD0DAE7A291266C500F96448 /* Base */,
			);
			name = LaunchScreen.storyboard;
			sourceTree = "<group>";
		};
/* End PBXVariantGroup section */

/* Begin XCBuildConfiguration section */
		FD0DAE7D291266C500F96448 /* Debug */ = {
			isa = XCBuildConfiguration;
			buildSettings = {
				ALWAYS_SEARCH_USER_PATHS = NO;
				CLANG_ANALYZER_NONNULL = YES;
				CLANG_ANALYZER_NUMBER_OBJECT_CONVERSION = YES_AGGRESSIVE;
				CLANG_CXX_LANGUAGE_STANDARD = "gnu++20";
				CLANG_ENABLE_MODULES = YES;
				CLANG_ENABLE_OBJC_ARC = YES;
				CLANG_ENABLE_OBJC_WEAK = YES;
				CLANG_WARN_BLOCK_CAPTURE_AUTORELEASING = YES;
				CLANG_WARN_BOOL_CONVERSION = YES;
				CLANG_WARN_COMMA = YES;
				CLANG_WARN_CONSTANT_CONVERSION = YES;
				CLANG_WARN_DEPRECATED_OBJC_IMPLEMENTATIONS = YES;
				CLANG_WARN_DIRECT_OBJC_ISA_USAGE = YES_ERROR;
				CLANG_WARN_DOCUMENTATION_COMMENTS = YES;
				CLANG_WARN_EMPTY_BODY = YES;
				CLANG_WARN_ENUM_CONVERSION = YES;
				CLANG_WARN_INFINITE_RECURSION = YES;
				CLANG_WARN_INT_CONVERSION = YES;
				CLANG_WARN_NON_LITERAL_NULL_CONVERSION = YES;
				CLANG_WARN_OBJC_IMPLICIT_RETAIN_SELF = YES;
				CLANG_WARN_OBJC_LITERAL_CONVERSION = YES;
				CLANG_WARN_OBJC_ROOT_CLASS = YES_ERROR;
				CLANG_WARN_QUOTED_INCLUDE_IN_FRAMEWORK_HEADER = YES;
				CLANG_WARN_RANGE_LOOP_ANALYSIS = YES;
				CLANG_WARN_STRICT_PROTOTYPES = YES;
				CLANG_WARN_SUSPICIOUS_MOVE = YES;
				CLANG_WARN_UNGUARDED_AVAILABILITY = YES_AGGRESSIVE;
				CLANG_WARN_UNREACHABLE_CODE = YES;
				CLANG_WARN__DUPLICATE_METHOD_MATCH = YES;
				COPY_PHASE_STRIP = NO;
				DEBUG_INFORMATION_FORMAT = dwarf;
				ENABLE_STRICT_OBJC_MSGSEND = YES;
				ENABLE_TESTABILITY = YES;
				GCC_C_LANGUAGE_STANDARD = gnu11;
				GCC_DYNAMIC_NO_PIC = NO;
				GCC_NO_COMMON_BLOCKS = YES;
				GCC_OPTIMIZATION_LEVEL = 0;
				GCC_PREPROCESSOR_DEFINITIONS = (
					"DEBUG=1",
					"$(inherited)",
				);
				GCC_WARN_64_TO_32_BIT_CONVERSION = YES;
				GCC_WARN_ABOUT_RETURN_TYPE = YES_ERROR;
				GCC_WARN_UNDECLARED_SELECTOR = YES;
				GCC_WARN_UNINITIALIZED_AUTOS = YES_AGGRESSIVE;
				GCC_WARN_UNUSED_FUNCTION = YES;
				GCC_WARN_UNUSED_VARIABLE = YES;
				IPHONEOS_DEPLOYMENT_TARGET = 16.0;
				MTL_ENABLE_DEBUG_INFO = INCLUDE_SOURCE;
				MTL_FAST_MATH = YES;
				ONLY_ACTIVE_ARCH = YES;
				SDKROOT = iphoneos;
				SWIFT_ACTIVE_COMPILATION_CONDITIONS = DEBUG;
				SWIFT_OPTIMIZATION_LEVEL = "-Onone";
			};
			name = Debug;
		};
		FD0DAE7E291266C500F96448 /* Release */ = {
			isa = XCBuildConfiguration;
			buildSettings = {
				ALWAYS_SEARCH_USER_PATHS = NO;
				CLANG_ANALYZER_NONNULL = YES;
				CLANG_ANALYZER_NUMBER_OBJECT_CONVERSION = YES_AGGRESSIVE;
				CLANG_CXX_LANGUAGE_STANDARD = "gnu++20";
				CLANG_ENABLE_MODULES = YES;
				CLANG_ENABLE_OBJC_ARC = YES;
				CLANG_ENABLE_OBJC_WEAK = YES;
				CLANG_WARN_BLOCK_CAPTURE_AUTORELEASING = YES;
				CLANG_WARN_BOOL_CONVERSION = YES;
				CLANG_WARN_COMMA = YES;
				CLANG_WARN_CONSTANT_CONVERSION = YES;
				CLANG_WARN_DEPRECATED_OBJC_IMPLEMENTATIONS = YES;
				CLANG_WARN_DIRECT_OBJC_ISA_USAGE = YES_ERROR;
				CLANG_WARN_DOCUMENTATION_COMMENTS = YES;
				CLANG_WARN_EMPTY_BODY = YES;
				CLANG_WARN_ENUM_CONVERSION = YES;
				CLANG_WARN_INFINITE_RECURSION = YES;
				CLANG_WARN_INT_CONVERSION = YES;
				CLANG_WARN_NON_LITERAL_NULL_CONVERSION = YES;
				CLANG_WARN_OBJC_IMPLICIT_RETAIN_SELF = YES;
				CLANG_WARN_OBJC_LITERAL_CONVERSION = YES;
				CLANG_WARN_OBJC_ROOT_CLASS = YES_ERROR;
				CLANG_WARN_QUOTED_INCLUDE_IN_FRAMEWORK_HEADER = YES;
				CLANG_WARN_RANGE_LOOP_ANALYSIS = YES;
				CLANG_WARN_STRICT_PROTOTYPES = YES;
				CLANG_WARN_SUSPICIOUS_MOVE = YES;
				CLANG_WARN_UNGUARDED_AVAILABILITY = YES_AGGRESSIVE;
				CLANG_WARN_UNREACHABLE_CODE = YES;
				CLANG_WARN__DUPLICATE_METHOD_MATCH = YES;
				COPY_PHASE_STRIP = NO;
				DEBUG_INFORMATION_FORMAT = "dwarf-with-dsym";
				ENABLE_NS_ASSERTIONS = NO;
				ENABLE_STRICT_OBJC_MSGSEND = YES;
				GCC_C_LANGUAGE_STANDARD = gnu11;
				GCC_NO_COMMON_BLOCKS = YES;
				GCC_WARN_64_TO_32_BIT_CONVERSION = YES;
				GCC_WARN_ABOUT_RETURN_TYPE = YES_ERROR;
				GCC_WARN_UNDECLARED_SELECTOR = YES;
				GCC_WARN_UNINITIALIZED_AUTOS = YES_AGGRESSIVE;
				GCC_WARN_UNUSED_FUNCTION = YES;
				GCC_WARN_UNUSED_VARIABLE = YES;
				IPHONEOS_DEPLOYMENT_TARGET = 16.0;
				MTL_ENABLE_DEBUG_INFO = NO;
				MTL_FAST_MATH = YES;
				SDKROOT = iphoneos;
				SWIFT_COMPILATION_MODE = wholemodule;
				SWIFT_OPTIMIZATION_LEVEL = "-O";
				VALIDATE_PRODUCT = YES;
			};
			name = Release;
		};
		FD0DAE80291266C500F96448 /* Debug */ = {
			isa = XCBuildConfiguration;
			buildSettings = {
				ASSETCATALOG_COMPILER_APPICON_NAME = AppIcon;
				ASSETCATALOG_COMPILER_GLOBAL_ACCENT_COLOR_NAME = AccentColor;
				CODE_SIGN_STYLE = Automatic;
				CURRENT_PROJECT_VERSION = 1;
				DEVELOPMENT_TEAM = D8CZRNU7VX;
				GENERATE_INFOPLIST_FILE = YES;
				INFOPLIST_FILE = "Example Project/Info.plist";
				INFOPLIST_KEY_UIApplicationSupportsIndirectInputEvents = YES;
				INFOPLIST_KEY_UILaunchStoryboardName = LaunchScreen;
				INFOPLIST_KEY_UIMainStoryboardFile = Main;
				INFOPLIST_KEY_UISupportedInterfaceOrientations = UIInterfaceOrientationPortrait;
				INFOPLIST_KEY_UISupportedInterfaceOrientations_iPad = "UIInterfaceOrientationLandscapeLeft UIInterfaceOrientationLandscapeRight UIInterfaceOrientationPortrait UIInterfaceOrientationPortraitUpsideDown";
				IPHONEOS_DEPLOYMENT_TARGET = 13.0;
				LD_RUNPATH_SEARCH_PATHS = (
					"$(inherited)",
					"@executable_path/Frameworks",
				);
				MARKETING_VERSION = 1.0;
				PRODUCT_BUNDLE_IDENTIFIER = "Veljic.Example-Project";
				PRODUCT_NAME = "$(TARGET_NAME)";
				SUPPORTED_PLATFORMS = "iphoneos iphonesimulator";
				SUPPORTS_MACCATALYST = NO;
				SUPPORTS_MAC_DESIGNED_FOR_IPHONE_IPAD = YES;
				SWIFT_EMIT_LOC_STRINGS = YES;
				SWIFT_VERSION = 5.0;
				TARGETED_DEVICE_FAMILY = 1;
			};
			name = Debug;
		};
		FD0DAE81291266C500F96448 /* Release */ = {
			isa = XCBuildConfiguration;
			buildSettings = {
				ASSETCATALOG_COMPILER_APPICON_NAME = AppIcon;
				ASSETCATALOG_COMPILER_GLOBAL_ACCENT_COLOR_NAME = AccentColor;
				CODE_SIGN_STYLE = Automatic;
				CURRENT_PROJECT_VERSION = 1;
				DEVELOPMENT_TEAM = D8CZRNU7VX;
				GENERATE_INFOPLIST_FILE = YES;
				INFOPLIST_FILE = "Example Project/Info.plist";
				INFOPLIST_KEY_UIApplicationSupportsIndirectInputEvents = YES;
				INFOPLIST_KEY_UILaunchStoryboardName = LaunchScreen;
				INFOPLIST_KEY_UIMainStoryboardFile = Main;
				INFOPLIST_KEY_UISupportedInterfaceOrientations = UIInterfaceOrientationPortrait;
				INFOPLIST_KEY_UISupportedInterfaceOrientations_iPad = "UIInterfaceOrientationLandscapeLeft UIInterfaceOrientationLandscapeRight UIInterfaceOrientationPortrait UIInterfaceOrientationPortraitUpsideDown";
				IPHONEOS_DEPLOYMENT_TARGET = 13.0;
				LD_RUNPATH_SEARCH_PATHS = (
					"$(inherited)",
					"@executable_path/Frameworks",
				);
				MARKETING_VERSION = 1.0;
				PRODUCT_BUNDLE_IDENTIFIER = "Veljic.Example-Project";
				PRODUCT_NAME = "$(TARGET_NAME)";
				SUPPORTED_PLATFORMS = "iphoneos iphonesimulator";
				SUPPORTS_MACCATALYST = NO;
				SUPPORTS_MAC_DESIGNED_FOR_IPHONE_IPAD = YES;
				SWIFT_EMIT_LOC_STRINGS = YES;
				SWIFT_VERSION = 5.0;
				TARGETED_DEVICE_FAMILY = 1;
			};
			name = Release;
		};
/* End XCBuildConfiguration section */

/* Begin XCConfigurationList section */
		FD0DAE66291266C400F96448 /* Build configuration list for PBXProject "Example Project" */ = {
			isa = XCConfigurationList;
			buildConfigurations = (
				FD0DAE7D291266C500F96448 /* Debug */,
				FD0DAE7E291266C500F96448 /* Release */,
			);
			defaultConfigurationIsVisible = 0;
			defaultConfigurationName = Release;
		};
		FD0DAE7F291266C500F96448 /* Build configuration list for PBXNativeTarget "Example Project" */ = {
			isa = XCConfigurationList;
			buildConfigurations = (
				FD0DAE80291266C500F96448 /* Debug */,
				FD0DAE81291266C500F96448 /* Release */,
			);
			defaultConfigurationIsVisible = 0;
			defaultConfigurationName = Release;
		};
/* End XCConfigurationList section */
	};
	rootObject = FD0DAE63291266C400F96448 /* Project object */;
}
