// !$*UTF8*$!
{
	archiveVersion = 1;
	classes = {
	};
	objectVersion = 56;
	objects = {

/* Begin PBXBuildFile section */
		FD0DAE6F291266C400F96448 /* AppDelegate.swift in Sources */ = {isa = PBXBuildFile; fileRef = FD0DAE6E291266C400F96448 /* AppDelegate.swift */; };
		FD0DAE76291266C400F96448 /* Main.storyboard in Resources */ = {isa = PBXBuildFile; fileRef = FD0DAE74291266C400F96448 /* Main.storyboard */; };
		FD0DAE78291266C500F96448 /* Assets.xcassets in Resources */ = {isa = PBXBuildFile; fileRef = FD0DAE77291266C500F96448 /* Assets.xcassets */; };
		FD0DAE7B291266C500F96448 /* LaunchScreen.storyboard in Resources */ = {isa = PBXBuildFile; fileRef = FD0DAE79291266C500F96448 /* LaunchScreen.storyboard */; };
		FD0DAE83291267AA00F96448 /* README.md in Resources */ = {isa = PBXBuildFile; fileRef = FD0DAE82291267AA00F96448 /* README.md */; };
		FD91332D29193D9200605396 /* json1.json in Resources */ = {isa = PBXBuildFile; fileRef = FD91332C29193D9200605396 /* json1.json */; };
		FD91333029193E5A00605396 /* ObjectMapper in Frameworks */ = {isa = PBXBuildFile; productRef = FD91332F29193E5A00605396 /* ObjectMapper */; };
		FD91333329193E9700605396 /* SwfMainModel.swift in Sources */ = {isa = PBXBuildFile; fileRef = FD91333229193E9700605396 /* SwfMainModel.swift */; };
		FD91333629193EBB00605396 /* Helpers.swift in Sources */ = {isa = PBXBuildFile; fileRef = FD91333529193EBB00605396 /* Helpers.swift */; };
		FD91333829193EED00605396 /* ShopItem.swift in Sources */ = {isa = PBXBuildFile; fileRef = FD91333729193EED00605396 /* ShopItem.swift */; };
		FD91333A2919401500605396 /* PostItem.swift in Sources */ = {isa = PBXBuildFile; fileRef = FD9133392919401500605396 /* PostItem.swift */; };
		FD91333C2919410500605396 /* PostFeedResponse.swift in Sources */ = {isa = PBXBuildFile; fileRef = FD91333B2919410500605396 /* PostFeedResponse.swift */; };
		FD91333E291942A100605396 /* json2.json in Resources */ = {isa = PBXBuildFile; fileRef = FD91333D291942A100605396 /* json2.json */; };
		FD913343291944AF00605396 /* Feed.storyboard in Resources */ = {isa = PBXBuildFile; fileRef = FD913342291944AF00605396 /* Feed.storyboard */; };
		FD913345291944C700605396 /* FeedVC.swift in Sources */ = {isa = PBXBuildFile; fileRef = FD913344291944C700605396 /* FeedVC.swift */; };
		FD9133482919451800605396 /* FeedType.swift in Sources */ = {isa = PBXBuildFile; fileRef = FD9133472919451800605396 /* FeedType.swift */; };
		FD91334A2919454700605396 /* Feed.swift in Sources */ = {isa = PBXBuildFile; fileRef = FD9133492919454700605396 /* Feed.swift */; };
		FD91334C2919456600605396 /* FeedDataType.swift in Sources */ = {isa = PBXBuildFile; fileRef = FD91334B2919456600605396 /* FeedDataType.swift */; };
/* End PBXBuildFile section */

/* Begin PBXFileReference section */
		FD0DAE6B291266C400F96448 /* Example Project.app */ = {isa = PBXFileReference; explicitFileType = wrapper.application; includeInIndex = 0; path = "Example Project.app"; sourceTree = BUILT_PRODUCTS_DIR; };
		FD0DAE6E291266C400F96448 /* AppDelegate.swift */ = {isa = PBXFileReference; lastKnownFileType = sourcecode.swift; path = AppDelegate.swift; sourceTree = "<group>"; };
		FD0DAE75291266C400F96448 /* Base */ = {isa = PBXFileReference; lastKnownFileType = file.storyboard; name = Base; path = Base.lproj/Main.storyboard; sourceTree = "<group>"; };
		FD0DAE77291266C500F96448 /* Assets.xcassets */ = {isa = PBXFileReference; lastKnownFileType = folder.assetcatalog; path = Assets.xcassets; sourceTree = "<group>"; };
		FD0DAE7A291266C500F96448 /* Base */ = {isa = PBXFileReference; lastKnownFileType = file.storyboard; name = Base; path = Base.lproj/LaunchScreen.storyboard; sourceTree = "<group>"; };
		FD0DAE7C291266C500F96448 /* Info.plist */ = {isa = PBXFileReference; lastKnownFileType = text.plist.xml; path = Info.plist; sourceTree = "<group>"; };
		FD0DAE82291267AA00F96448 /* README.md */ = {isa = PBXFileReference; fileEncoding = 4; lastKnownFileType = net.daringfireball.markdown; path = README.md; sourceTree = SOURCE_ROOT; };
		FD91332C29193D9200605396 /* json1.json */ = {isa = PBXFileReference; fileEncoding = 4; lastKnownFileType = text.json; path = json1.json; sourceTree = "<group>"; };
		FD91333229193E9700605396 /* SwfMainModel.swift */ = {isa = PBXFileReference; lastKnownFileType = sourcecode.swift; path = SwfMainModel.swift; sourceTree = "<group>"; };
		FD91333529193EBB00605396 /* Helpers.swift */ = {isa = PBXFileReference; lastKnownFileType = sourcecode.swift; path = Helpers.swift; sourceTree = "<group>"; };
		FD91333729193EED00605396 /* ShopItem.swift */ = {isa = PBXFileReference; lastKnownFileType = sourcecode.swift; path = ShopItem.swift; sourceTree = "<group>"; };
		FD9133392919401500605396 /* PostItem.swift */ = {isa = PBXFileReference; lastKnownFileType = sourcecode.swift; path = PostItem.swift; sourceTree = "<group>"; };
		FD91333B2919410500605396 /* PostFeedResponse.swift */ = {isa = PBXFileReference; lastKnownFileType = sourcecode.swift; path = PostFeedResponse.swift; sourceTree = "<group>"; };
		FD91333D291942A100605396 /* json2.json */ = {isa = PBXFileReference; fileEncoding = 4; lastKnownFileType = text.json; path = json2.json; sourceTree = "<group>"; };
		FD913342291944AF00605396 /* Feed.storyboard */ = {isa = PBXFileReference; lastKnownFileType = file.storyboard; path = Feed.storyboard; sourceTree = "<group>"; };
		FD913344291944C700605396 /* FeedVC.swift */ = {isa = PBXFileReference; lastKnownFileType = sourcecode.swift; path = FeedVC.swift; sourceTree = "<group>"; };
		FD9133472919451800605396 /* FeedType.swift */ = {isa = PBXFileReference; lastKnownFileType = sourcecode.swift; path = FeedType.swift; sourceTree = "<group>"; };
		FD9133492919454700605396 /* Feed.swift */ = {isa = PBXFileReference; lastKnownFileType = sourcecode.swift; path = Feed.swift; sourceTree = "<group>"; };
		FD91334B2919456600605396 /* FeedDataType.swift */ = {isa = PBXFileReference; lastKnownFileType = sourcecode.swift; path = FeedDataType.swift; sourceTree = "<group>"; };
/* End PBXFileReference section */

/* Begin PBXFrameworksBuildPhase section */
		FD0DAE68291266C400F96448 /* Frameworks */ = {
			isa = PBXFrameworksBuildPhase;
			buildActionMask = 2147483647;
			files = (
				FD91333029193E5A00605396 /* ObjectMapper in Frameworks */,
			);
			runOnlyForDeploymentPostprocessing = 0;
		};
/* End PBXFrameworksBuildPhase section */

/* Begin PBXGroup section */
		FD0DAE62291266C400F96448 = {
			isa = PBXGroup;
			children = (
				FD0DAE6D291266C400F96448 /* Example Project */,
				FD0DAE6C291266C400F96448 /* Products */,
			);
			sourceTree = "<group>";
		};
		FD0DAE6C291266C400F96448 /* Products */ = {
			isa = PBXGroup;
			children = (
				FD0DAE6B291266C400F96448 /* Example Project.app */,
			);
			name = Products;
			sourceTree = "<group>";
		};
		FD0DAE6D291266C400F96448 /* Example Project */ = {
			isa = PBXGroup;
			children = (
				FD0DAE6E291266C400F96448 /* AppDelegate.swift */,
				FD91333429193EAF00605396 /* Helpers */,
				FD91333129193E6500605396 /* Models */,
				FD91332B29193B7B00605396 /* Feed */,
				FD91332A2919399D00605396 /* MainFeed */,
				FD91333F291942C600605396 /* TableViewUI */,
				FD0DAE77291266C500F96448 /* Assets.xcassets */,
				FD0DAE79291266C500F96448 /* LaunchScreen.storyboard */,
				FD0DAE7C291266C500F96448 /* Info.plist */,
				FD0DAE82291267AA00F96448 /* README.md */,
				FD91333D291942A100605396 /* json2.json */,
				FD91332C29193D9200605396 /* json1.json */,
			);
			path = "Example Project";
			sourceTree = "<group>";
		};
		FD91332A2919399D00605396 /* MainFeed */ = {
			isa = PBXGroup;
			children = (
				FD0DAE74291266C400F96448 /* Main.storyboard */,
			);
			path = MainFeed;
			sourceTree = "<group>";
		};
		FD91332B29193B7B00605396 /* Feed */ = {
			isa = PBXGroup;
			children = (
				FD9133462919450C00605396 /* Models */,
				FD913342291944AF00605396 /* Feed.storyboard */,
				FD913344291944C700605396 /* FeedVC.swift */,
			);
			path = Feed;
			sourceTree = "<group>";
		};
		FD91333129193E6500605396 /* Models */ = {
			isa = PBXGroup;
			children = (
				FD91333229193E9700605396 /* SwfMainModel.swift */,
				FD91333729193EED00605396 /* ShopItem.swift */,
				FD9133392919401500605396 /* PostItem.swift */,
				FD91333B2919410500605396 /* PostFeedResponse.swift */,
			);
			path = Models;
			sourceTree = "<group>";
		};
		FD91333429193EAF00605396 /* Helpers */ = {
			isa = PBXGroup;
			children = (
				FD91333529193EBB00605396 /* Helpers.swift */,
			);
			path = Helpers;
			sourceTree = "<group>";
		};
		FD91333F291942C600605396 /* TableViewUI */ = {
			isa = PBXGroup;
			children = (
			);
			path = TableViewUI;
			sourceTree = "<group>";
		};
		FD9133462919450C00605396 /* Models */ = {
			isa = PBXGroup;
			children = (
				FD9133472919451800605396 /* FeedType.swift */,
				FD91334B2919456600605396 /* FeedDataType.swift */,
				FD9133492919454700605396 /* Feed.swift */,
			);
			path = Models;
			sourceTree = "<group>";
		};
/* End PBXGroup section */

/* Begin PBXNativeTarget section */
		FD0DAE6A291266C400F96448 /* Example Project */ = {
			isa = PBXNativeTarget;
			buildConfigurationList = FD0DAE7F291266C500F96448 /* Build configuration list for PBXNativeTarget "Example Project" */;
			buildPhases = (
				FD0DAE67291266C400F96448 /* Sources */,
				FD0DAE68291266C400F96448 /* Frameworks */,
				FD0DAE69291266C400F96448 /* Resources */,
			);
			buildRules = (
			);
			dependencies = (
			);
			name = "Example Project";
			packageProductDependencies = (
				FD91332F29193E5A00605396 /* ObjectMapper */,
			);
			productName = "Example Project";
			productReference = FD0DAE6B291266C400F96448 /* Example Project.app */;
			productType = "com.apple.product-type.application";
		};
/* End PBXNativeTarget section */

/* Begin PBXProject section */
		FD0DAE63291266C400F96448 /* Project object */ = {
			isa = PBXProject;
			attributes = {
				BuildIndependentTargetsInParallel = 1;
				LastSwiftUpdateCheck = 1400;
				LastUpgradeCheck = 1400;
				TargetAttributes = {
					FD0DAE6A291266C400F96448 = {
						CreatedOnToolsVersion = 14.0.1;
					};
				};
			};
			buildConfigurationList = FD0DAE66291266C400F96448 /* Build configuration list for PBXProject "Example Project" */;
			compatibilityVersion = "Xcode 14.0";
			developmentRegion = en;
			hasScannedForEncodings = 0;
			knownRegions = (
				en,
				Base,
			);
			mainGroup = FD0DAE62291266C400F96448;
			packageReferences = (
				FD91332E29193E5A00605396 /* XCRemoteSwiftPackageReference "ObjectMapper" */,
			);
			productRefGroup = FD0DAE6C291266C400F96448 /* Products */;
			projectDirPath = "";
			projectRoot = "";
			targets = (
				FD0DAE6A291266C400F96448 /* Example Project */,
			);
		};
/* End PBXProject section */

/* Begin PBXResourcesBuildPhase section */
		FD0DAE69291266C400F96448 /* Resources */ = {
			isa = PBXResourcesBuildPhase;
			buildActionMask = 2147483647;
			files = (
				FD0DAE7B291266C500F96448 /* LaunchScreen.storyboard in Resources */,
				FD913343291944AF00605396 /* Feed.storyboard in Resources */,
				FD0DAE78291266C500F96448 /* Assets.xcassets in Resources */,
				FD91332D29193D9200605396 /* json1.json in Resources */,
				FD0DAE83291267AA00F96448 /* README.md in Resources */,
				FD91333E291942A100605396 /* json2.json in Resources */,
				FD0DAE76291266C400F96448 /* Main.storyboard in Resources */,
			);
			runOnlyForDeploymentPostprocessing = 0;
		};
/* End PBXResourcesBuildPhase section */

/* Begin PBXSourcesBuildPhase section */
		FD0DAE67291266C400F96448 /* Sources */ = {
			isa = PBXSourcesBuildPhase;
			buildActionMask = 2147483647;
			files = (
				FD91333C2919410500605396 /* PostFeedResponse.swift in Sources */,
				FD91334A2919454700605396 /* Feed.swift in Sources */,
				FD913345291944C700605396 /* FeedVC.swift in Sources */,
				FD91333329193E9700605396 /* SwfMainModel.swift in Sources */,
				FD91333629193EBB00605396 /* Helpers.swift in Sources */,
				FD91333A2919401500605396 /* PostItem.swift in Sources */,
				FD91333829193EED00605396 /* ShopItem.swift in Sources */,
				FD91334C2919456600605396 /* FeedDataType.swift in Sources */,
				FD0DAE6F291266C400F96448 /* AppDelegate.swift in Sources */,
				FD9133482919451800605396 /* FeedType.swift in Sources */,
			);
			runOnlyForDeploymentPostprocessing = 0;
		};
/* End PBXSourcesBuildPhase section */

/* Begin PBXVariantGroup section */
		FD0DAE74291266C400F96448 /* Main.storyboard */ = {
			isa = PBXVariantGroup;
			children = (
				FD0DAE75291266C400F96448 /* Base */,
			);
			name = Main.storyboard;
			sourceTree = "<group>";
		};
		FD0DAE79291266C500F96448 /* LaunchScreen.storyboard */ = {
			isa = PBXVariantGroup;
			children = (
				FD0DAE7A291266C500F96448 /* Base */,
			);
			name = LaunchScreen.storyboard;
			sourceTree = "<group>";
		};
/* End PBXVariantGroup section */

/* Begin XCBuildConfiguration section */
		FD0DAE7D291266C500F96448 /* Debug */ = {
			isa = XCBuildConfiguration;
			buildSettings = {
				ALWAYS_SEARCH_USER_PATHS = NO;
				CLANG_ANALYZER_NONNULL = YES;
				CLANG_ANALYZER_NUMBER_OBJECT_CONVERSION = YES_AGGRESSIVE;
				CLANG_CXX_LANGUAGE_STANDARD = "gnu++20";
				CLANG_ENABLE_MODULES = YES;
				CLANG_ENABLE_OBJC_ARC = YES;
				CLANG_ENABLE_OBJC_WEAK = YES;
				CLANG_WARN_BLOCK_CAPTURE_AUTORELEASING = YES;
				CLANG_WARN_BOOL_CONVERSION = YES;
				CLANG_WARN_COMMA = YES;
				CLANG_WARN_CONSTANT_CONVERSION = YES;
				CLANG_WARN_DEPRECATED_OBJC_IMPLEMENTATIONS = YES;
				CLANG_WARN_DIRECT_OBJC_ISA_USAGE = YES_ERROR;
				CLANG_WARN_DOCUMENTATION_COMMENTS = YES;
				CLANG_WARN_EMPTY_BODY = YES;
				CLANG_WARN_ENUM_CONVERSION = YES;
				CLANG_WARN_INFINITE_RECURSION = YES;
				CLANG_WARN_INT_CONVERSION = YES;
				CLANG_WARN_NON_LITERAL_NULL_CONVERSION = YES;
				CLANG_WARN_OBJC_IMPLICIT_RETAIN_SELF = YES;
				CLANG_WARN_OBJC_LITERAL_CONVERSION = YES;
				CLANG_WARN_OBJC_ROOT_CLASS = YES_ERROR;
				CLANG_WARN_QUOTED_INCLUDE_IN_FRAMEWORK_HEADER = YES;
				CLANG_WARN_RANGE_LOOP_ANALYSIS = YES;
				CLANG_WARN_STRICT_PROTOTYPES = YES;
				CLANG_WARN_SUSPICIOUS_MOVE = YES;
				CLANG_WARN_UNGUARDED_AVAILABILITY = YES_AGGRESSIVE;
				CLANG_WARN_UNREACHABLE_CODE = YES;
				CLANG_WARN__DUPLICATE_METHOD_MATCH = YES;
				COPY_PHASE_STRIP = NO;
				DEBUG_INFORMATION_FORMAT = dwarf;
				ENABLE_STRICT_OBJC_MSGSEND = YES;
				ENABLE_TESTABILITY = YES;
				GCC_C_LANGUAGE_STANDARD = gnu11;
				GCC_DYNAMIC_NO_PIC = NO;
				GCC_NO_COMMON_BLOCKS = YES;
				GCC_OPTIMIZATION_LEVEL = 0;
				GCC_PREPROCESSOR_DEFINITIONS = (
					"DEBUG=1",
					"$(inherited)",
				);
				GCC_WARN_64_TO_32_BIT_CONVERSION = YES;
				GCC_WARN_ABOUT_RETURN_TYPE = YES_ERROR;
				GCC_WARN_UNDECLARED_SELECTOR = YES;
				GCC_WARN_UNINITIALIZED_AUTOS = YES_AGGRESSIVE;
				GCC_WARN_UNUSED_FUNCTION = YES;
				GCC_WARN_UNUSED_VARIABLE = YES;
				IPHONEOS_DEPLOYMENT_TARGET = 16.0;
				MTL_ENABLE_DEBUG_INFO = INCLUDE_SOURCE;
				MTL_FAST_MATH = YES;
				ONLY_ACTIVE_ARCH = YES;
				SDKROOT = iphoneos;
				SWIFT_ACTIVE_COMPILATION_CONDITIONS = DEBUG;
				SWIFT_OPTIMIZATION_LEVEL = "-Onone";
			};
			name = Debug;
		};
		FD0DAE7E291266C500F96448 /* Release */ = {
			isa = XCBuildConfiguration;
			buildSettings = {
				ALWAYS_SEARCH_USER_PATHS = NO;
				CLANG_ANALYZER_NONNULL = YES;
				CLANG_ANALYZER_NUMBER_OBJECT_CONVERSION = YES_AGGRESSIVE;
				CLANG_CXX_LANGUAGE_STANDARD = "gnu++20";
				CLANG_ENABLE_MODULES = YES;
				CLANG_ENABLE_OBJC_ARC = YES;
				CLANG_ENABLE_OBJC_WEAK = YES;
				CLANG_WARN_BLOCK_CAPTURE_AUTORELEASING = YES;
				CLANG_WARN_BOOL_CONVERSION = YES;
				CLANG_WARN_COMMA = YES;
				CLANG_WARN_CONSTANT_CONVERSION = YES;
				CLANG_WARN_DEPRECATED_OBJC_IMPLEMENTATIONS = YES;
				CLANG_WARN_DIRECT_OBJC_ISA_USAGE = YES_ERROR;
				CLANG_WARN_DOCUMENTATION_COMMENTS = YES;
				CLANG_WARN_EMPTY_BODY = YES;
				CLANG_WARN_ENUM_CONVERSION = YES;
				CLANG_WARN_INFINITE_RECURSION = YES;
				CLANG_WARN_INT_CONVERSION = YES;
				CLANG_WARN_NON_LITERAL_NULL_CONVERSION = YES;
				CLANG_WARN_OBJC_IMPLICIT_RETAIN_SELF = YES;
				CLANG_WARN_OBJC_LITERAL_CONVERSION = YES;
				CLANG_WARN_OBJC_ROOT_CLASS = YES_ERROR;
				CLANG_WARN_QUOTED_INCLUDE_IN_FRAMEWORK_HEADER = YES;
				CLANG_WARN_RANGE_LOOP_ANALYSIS = YES;
				CLANG_WARN_STRICT_PROTOTYPES = YES;
				CLANG_WARN_SUSPICIOUS_MOVE = YES;
				CLANG_WARN_UNGUARDED_AVAILABILITY = YES_AGGRESSIVE;
				CLANG_WARN_UNREACHABLE_CODE = YES;
				CLANG_WARN__DUPLICATE_METHOD_MATCH = YES;
				COPY_PHASE_STRIP = NO;
				DEBUG_INFORMATION_FORMAT = "dwarf-with-dsym";
				ENABLE_NS_ASSERTIONS = NO;
				ENABLE_STRICT_OBJC_MSGSEND = YES;
				GCC_C_LANGUAGE_STANDARD = gnu11;
				GCC_NO_COMMON_BLOCKS = YES;
				GCC_WARN_64_TO_32_BIT_CONVERSION = YES;
				GCC_WARN_ABOUT_RETURN_TYPE = YES_ERROR;
				GCC_WARN_UNDECLARED_SELECTOR = YES;
				GCC_WARN_UNINITIALIZED_AUTOS = YES_AGGRESSIVE;
				GCC_WARN_UNUSED_FUNCTION = YES;
				GCC_WARN_UNUSED_VARIABLE = YES;
				IPHONEOS_DEPLOYMENT_TARGET = 16.0;
				MTL_ENABLE_DEBUG_INFO = NO;
				MTL_FAST_MATH = YES;
				SDKROOT = iphoneos;
				SWIFT_COMPILATION_MODE = wholemodule;
				SWIFT_OPTIMIZATION_LEVEL = "-O";
				VALIDATE_PRODUCT = YES;
			};
			name = Release;
		};
		FD0DAE80291266C500F96448 /* Debug */ = {
			isa = XCBuildConfiguration;
			buildSettings = {
				ASSETCATALOG_COMPILER_APPICON_NAME = AppIcon;
				ASSETCATALOG_COMPILER_GLOBAL_ACCENT_COLOR_NAME = AccentColor;
				CODE_SIGN_STYLE = Automatic;
				CURRENT_PROJECT_VERSION = 1;
				DEVELOPMENT_TEAM = D8CZRNU7VX;
				GENERATE_INFOPLIST_FILE = YES;
				INFOPLIST_FILE = "Example Project/Info.plist";
				INFOPLIST_KEY_UIApplicationSupportsIndirectInputEvents = YES;
				INFOPLIST_KEY_UILaunchStoryboardName = LaunchScreen;
				INFOPLIST_KEY_UIMainStoryboardFile = Main;
				INFOPLIST_KEY_UISupportedInterfaceOrientations = UIInterfaceOrientationPortrait;
				INFOPLIST_KEY_UISupportedInterfaceOrientations_iPad = "UIInterfaceOrientationLandscapeLeft UIInterfaceOrientationLandscapeRight UIInterfaceOrientationPortrait UIInterfaceOrientationPortraitUpsideDown";
				IPHONEOS_DEPLOYMENT_TARGET = 13.0;
				LD_RUNPATH_SEARCH_PATHS = (
					"$(inherited)",
					"@executable_path/Frameworks",
				);
				MARKETING_VERSION = 1.0;
				PRODUCT_BUNDLE_IDENTIFIER = "Veljic.Example-Project";
				PRODUCT_NAME = "$(TARGET_NAME)";
				SUPPORTED_PLATFORMS = "iphoneos iphonesimulator";
				SUPPORTS_MACCATALYST = NO;
				SUPPORTS_MAC_DESIGNED_FOR_IPHONE_IPAD = YES;
				SWIFT_EMIT_LOC_STRINGS = YES;
				SWIFT_VERSION = 5.0;
				TARGETED_DEVICE_FAMILY = 1;
			};
			name = Debug;
		};
		FD0DAE81291266C500F96448 /* Release */ = {
			isa = XCBuildConfiguration;
			buildSettings = {
				ASSETCATALOG_COMPILER_APPICON_NAME = AppIcon;
				ASSETCATALOG_COMPILER_GLOBAL_ACCENT_COLOR_NAME = AccentColor;
				CODE_SIGN_STYLE = Automatic;
				CURRENT_PROJECT_VERSION = 1;
				DEVELOPMENT_TEAM = D8CZRNU7VX;
				GENERATE_INFOPLIST_FILE = YES;
				INFOPLIST_FILE = "Example Project/Info.plist";
				INFOPLIST_KEY_UIApplicationSupportsIndirectInputEvents = YES;
				INFOPLIST_KEY_UILaunchStoryboardName = LaunchScreen;
				INFOPLIST_KEY_UIMainStoryboardFile = Main;
				INFOPLIST_KEY_UISupportedInterfaceOrientations = UIInterfaceOrientationPortrait;
				INFOPLIST_KEY_UISupportedInterfaceOrientations_iPad = "UIInterfaceOrientationLandscapeLeft UIInterfaceOrientationLandscapeRight UIInterfaceOrientationPortrait UIInterfaceOrientationPortraitUpsideDown";
				IPHONEOS_DEPLOYMENT_TARGET = 13.0;
				LD_RUNPATH_SEARCH_PATHS = (
					"$(inherited)",
					"@executable_path/Frameworks",
				);
				MARKETING_VERSION = 1.0;
				PRODUCT_BUNDLE_IDENTIFIER = "Veljic.Example-Project";
				PRODUCT_NAME = "$(TARGET_NAME)";
				SUPPORTED_PLATFORMS = "iphoneos iphonesimulator";
				SUPPORTS_MACCATALYST = NO;
				SUPPORTS_MAC_DESIGNED_FOR_IPHONE_IPAD = YES;
				SWIFT_EMIT_LOC_STRINGS = YES;
				SWIFT_VERSION = 5.0;
				TARGETED_DEVICE_FAMILY = 1;
			};
			name = Release;
		};
/* End XCBuildConfiguration section */

/* Begin XCConfigurationList section */
		FD0DAE66291266C400F96448 /* Build configuration list for PBXProject "Example Project" */ = {
			isa = XCConfigurationList;
			buildConfigurations = (
				FD0DAE7D291266C500F96448 /* Debug */,
				FD0DAE7E291266C500F96448 /* Release */,
			);
			defaultConfigurationIsVisible = 0;
			defaultConfigurationName = Release;
		};
		FD0DAE7F291266C500F96448 /* Build configuration list for PBXNativeTarget "Example Project" */ = {
			isa = XCConfigurationList;
			buildConfigurations = (
				FD0DAE80291266C500F96448 /* Debug */,
				FD0DAE81291266C500F96448 /* Release */,
			);
			defaultConfigurationIsVisible = 0;
			defaultConfigurationName = Release;
		};
/* End XCConfigurationList section */

/* Begin XCRemoteSwiftPackageReference section */
		FD91332E29193E5A00605396 /* XCRemoteSwiftPackageReference "ObjectMapper" */ = {
			isa = XCRemoteSwiftPackageReference;
			repositoryURL = "https://github.com/tristanhimmelman/ObjectMapper";
			requirement = {
				kind = upToNextMajorVersion;
				minimumVersion = 4.0.0;
			};
		};
/* End XCRemoteSwiftPackageReference section */

/* Begin XCSwiftPackageProductDependency section */
		FD91332F29193E5A00605396 /* ObjectMapper */ = {
			isa = XCSwiftPackageProductDependency;
			package = FD91332E29193E5A00605396 /* XCRemoteSwiftPackageReference "ObjectMapper" */;
			productName = ObjectMapper;
		};
/* End XCSwiftPackageProductDependency section */
	};
	rootObject = FD0DAE63291266C400F96448 /* Project object */;
}
